
Microsoft Visual Studio Solution File, Format Version 12.00
# Visual Studio 2017
Project("{FAE04EC0-301F-11D3-BF4B-00C04F79EFBC}") = "!00_GAME.Plugins", "!00_GAME.Plugins.csproj", "{38FCF6EB-B822-A52C-FA93-87A949770936}"
EndProject
Project("{FAE04EC0-301F-11D3-BF4B-00C04F79EFBC}") = "!00_GAME", "!00_GAME.csproj", "{60B0BB00-6C37-DE91-B87C-FAB01135DF4F}"
EndProject
Project("{FAE04EC0-301F-11D3-BF4B-00C04F79EFBC}") = "!00_GAME.Editor", "!00_GAME.Editor.csproj", "{B34BAB7F-74B6-A83A-B9AB-A1067C55D95A}"
EndProject
Global
	GlobalSection(SolutionConfigurationPlatforms) = preSolution
		Debug|Any CPU = Debug|Any CPU
		Release|Any CPU = Release|Any CPU
	EndGlobalSection
	GlobalSection(ProjectConfigurationPlatforms) = postSolution
		{38FCF6EB-B822-A52C-FA93-87A949770936}.Debug|Any CPU.ActiveCfg = Debug|Any CPU
		{38FCF6EB-B822-A52C-FA93-87A949770936}.Debug|Any CPU.Build.0 = Debug|Any CPU
		{38FCF6EB-B822-A52C-FA93-87A949770936}.Release|Any CPU.ActiveCfg = Release|Any CPU
		{38FCF6EB-B822-A52C-FA93-87A949770936}.Release|Any CPU.Build.0 = Release|Any CPU
		{60B0BB00-6C37-DE91-B87C-FAB01135DF4F}.Debug|Any CPU.ActiveCfg = Debug|Any CPU
		{60B0BB00-6C37-DE91-B87C-FAB01135DF4F}.Debug|Any CPU.Build.0 = Debug|Any CPU
		{60B0BB00-6C37-DE91-B87C-FAB01135DF4F}.Release|Any CPU.ActiveCfg = Release|Any CPU
		{60B0BB00-6C37-DE91-B87C-FAB01135DF4F}.Release|Any CPU.Build.0 = Release|Any CPU
		{B34BAB7F-74B6-A83A-B9AB-A1067C55D95A}.Debug|Any CPU.ActiveCfg = Debug|Any CPU
		{B34BAB7F-74B6-A83A-B9AB-A1067C55D95A}.Debug|Any CPU.Build.0 = Debug|Any CPU
		{B34BAB7F-74B6-A83A-B9AB-A1067C55D95A}.Release|Any CPU.ActiveCfg = Release|Any CPU
		{B34BAB7F-74B6-A83A-B9AB-A1067C55D95A}.Release|Any CPU.Build.0 = Release|Any CPU
	EndGlobalSection
	GlobalSection(SolutionProperties) = preSolution
		HideSolutionNode = FALSE
	EndGlobalSection
EndGlobal
