
Microsoft Visual Studio Solution File, Format Version 12.00
# Visual Studio 2017
Project("{FAE04EC0-301F-11D3-BF4B-00C04F79EFBC}") = "SpacePrototipGit.Plugins", "SpacePrototipGit.Plugins.csproj", "{765E55CF-083D-DA84-8F75-0503C5EA088A}"
EndProject
Project("{FAE04EC0-301F-11D3-BF4B-00C04F79EFBC}") = "SpacePrototipGit", "SpacePrototipGit.csproj", "{A6228E9F-0D4F-7CE5-5B92-FB3105822EC9}"
EndProject
Project("{FAE04EC0-301F-11D3-BF4B-00C04F79EFBC}") = "SpacePrototipGit.Editor", "SpacePrototipGit.Editor.csproj", "{B059C431-0706-5555-89D0-861EE8B9836F}"
EndProject
Global
	GlobalSection(SolutionConfigurationPlatforms) = preSolution
		Debug|Any CPU = Debug|Any CPU
		Release|Any CPU = Release|Any CPU
	EndGlobalSection
	GlobalSection(ProjectConfigurationPlatforms) = postSolution
		{765E55CF-083D-DA84-8F75-0503C5EA088A}.Debug|Any CPU.ActiveCfg = Debug|Any CPU
		{765E55CF-083D-DA84-8F75-0503C5EA088A}.Debug|Any CPU.Build.0 = Debug|Any CPU
		{765E55CF-083D-DA84-8F75-0503C5EA088A}.Release|Any CPU.ActiveCfg = Release|Any CPU
		{765E55CF-083D-DA84-8F75-0503C5EA088A}.Release|Any CPU.Build.0 = Release|Any CPU
		{A6228E9F-0D4F-7CE5-5B92-FB3105822EC9}.Debug|Any CPU.ActiveCfg = Debug|Any CPU
		{A6228E9F-0D4F-7CE5-5B92-FB3105822EC9}.Debug|Any CPU.Build.0 = Debug|Any CPU
		{A6228E9F-0D4F-7CE5-5B92-FB3105822EC9}.Release|Any CPU.ActiveCfg = Release|Any CPU
		{A6228E9F-0D4F-7CE5-5B92-FB3105822EC9}.Release|Any CPU.Build.0 = Release|Any CPU
		{B059C431-0706-5555-89D0-861EE8B9836F}.Debug|Any CPU.ActiveCfg = Debug|Any CPU
		{B059C431-0706-5555-89D0-861EE8B9836F}.Debug|Any CPU.Build.0 = Debug|Any CPU
		{B059C431-0706-5555-89D0-861EE8B9836F}.Release|Any CPU.ActiveCfg = Release|Any CPU
		{B059C431-0706-5555-89D0-861EE8B9836F}.Release|Any CPU.Build.0 = Release|Any CPU
	EndGlobalSection
	GlobalSection(SolutionProperties) = preSolution
		HideSolutionNode = FALSE
	EndGlobalSection
EndGlobal
